
Microsoft Visual Studio Solution File, Format Version 12.00
Project("{FAE04EC0-301F-11D3-BF4B-00C04F79EFBC}") = "Melodija.api", "Melodija.api\Melodija.api.csproj", "{E3B73969-E9D5-4A5A-834F-EA7E81C715DD}"
EndProject
Global
	GlobalSection(SolutionConfigurationPlatforms) = preSolution
		Debug|Any CPU = Debug|Any CPU
		Release|Any CPU = Release|Any CPU
	EndGlobalSection
	GlobalSection(ProjectConfigurationPlatforms) = postSolution
		{E3B73969-E9D5-4A5A-834F-EA7E81C715DD}.Debug|Any CPU.ActiveCfg = Debug|Any CPU
		{E3B73969-E9D5-4A5A-834F-EA7E81C715DD}.Debug|Any CPU.Build.0 = Debug|Any CPU
		{E3B73969-E9D5-4A5A-834F-EA7E81C715DD}.Release|Any CPU.ActiveCfg = Release|Any CPU
		{E3B73969-E9D5-4A5A-834F-EA7E81C715DD}.Release|Any CPU.Build.0 = Release|Any CPU
	EndGlobalSection
EndGlobal
