
Microsoft Visual Studio Solution File, Format Version 12.00
Project("{FAE04EC0-301F-11D3-BF4B-00C04F79EFBC}") = "Melodija.api", "Melodija.api\Melodija.api.csproj", "{E3B73969-E9D5-4A5A-834F-EA7E81C715DD}"
EndProject
Project("{FAE04EC0-301F-11D3-BF4B-00C04F79EFBC}") = "Melodija.Data", "Melodija.Data\Melodija.Data.csproj", "{4E1EA186-A319-499E-B998-EA2164FDA2C2}"
EndProject
Project("{FAE04EC0-301F-11D3-BF4B-00C04F79EFBC}") = "Melodija.Domain", "Melodija.Domain\Melodija.Domain.csproj", "{81093EEB-6B5B-4490-9FBC-27048F1E1E17}"
EndProject
Project("{FAE04EC0-301F-11D3-BF4B-00C04F79EFBC}") = "Melodija.Repository", "Melodija.Repository\Melodija.Repository.csproj", "{96701A26-17B6-4E20-BA82-F1BF90D08B87}"
EndProject
Project("{FAE04EC0-301F-11D3-BF4B-00C04F79EFBC}") = "Melodija.Contracts", "Melodija.Contracts\Melodija.Contracts.csproj", "{1E334035-CEB3-4A4E-9DD8-24EF2DF61923}"
EndProject
Project("{FAE04EC0-301F-11D3-BF4B-00C04F79EFBC}") = "Melodija.IntegrationTests", "Melodija.IntegrationTests\Melodija.IntegrationTests.csproj", "{9BDDA38F-9A46-4700-AA5C-A020A441CD1C}"
EndProject
Project("{FAE04EC0-301F-11D3-BF4B-00C04F79EFBC}") = "Melodija.Tests", "Melodija.Tests\Melodija.Tests.csproj", "{B8FEEF90-A6B1-4AB1-9E85-A585A19D4E02}"
EndProject
Global
	GlobalSection(SolutionConfigurationPlatforms) = preSolution
		Debug|Any CPU = Debug|Any CPU
		Release|Any CPU = Release|Any CPU
	EndGlobalSection
	GlobalSection(ProjectConfigurationPlatforms) = postSolution
		{E3B73969-E9D5-4A5A-834F-EA7E81C715DD}.Debug|Any CPU.ActiveCfg = Debug|Any CPU
		{E3B73969-E9D5-4A5A-834F-EA7E81C715DD}.Debug|Any CPU.Build.0 = Debug|Any CPU
		{E3B73969-E9D5-4A5A-834F-EA7E81C715DD}.Release|Any CPU.ActiveCfg = Release|Any CPU
		{E3B73969-E9D5-4A5A-834F-EA7E81C715DD}.Release|Any CPU.Build.0 = Release|Any CPU
		{4E1EA186-A319-499E-B998-EA2164FDA2C2}.Debug|Any CPU.ActiveCfg = Debug|Any CPU
		{4E1EA186-A319-499E-B998-EA2164FDA2C2}.Debug|Any CPU.Build.0 = Debug|Any CPU
		{4E1EA186-A319-499E-B998-EA2164FDA2C2}.Release|Any CPU.ActiveCfg = Release|Any CPU
		{4E1EA186-A319-499E-B998-EA2164FDA2C2}.Release|Any CPU.Build.0 = Release|Any CPU
		{81093EEB-6B5B-4490-9FBC-27048F1E1E17}.Debug|Any CPU.ActiveCfg = Debug|Any CPU
		{81093EEB-6B5B-4490-9FBC-27048F1E1E17}.Debug|Any CPU.Build.0 = Debug|Any CPU
		{81093EEB-6B5B-4490-9FBC-27048F1E1E17}.Release|Any CPU.ActiveCfg = Release|Any CPU
		{81093EEB-6B5B-4490-9FBC-27048F1E1E17}.Release|Any CPU.Build.0 = Release|Any CPU
		{96701A26-17B6-4E20-BA82-F1BF90D08B87}.Debug|Any CPU.ActiveCfg = Debug|Any CPU
		{96701A26-17B6-4E20-BA82-F1BF90D08B87}.Debug|Any CPU.Build.0 = Debug|Any CPU
		{96701A26-17B6-4E20-BA82-F1BF90D08B87}.Release|Any CPU.ActiveCfg = Release|Any CPU
		{96701A26-17B6-4E20-BA82-F1BF90D08B87}.Release|Any CPU.Build.0 = Release|Any CPU
		{1E334035-CEB3-4A4E-9DD8-24EF2DF61923}.Debug|Any CPU.ActiveCfg = Debug|Any CPU
		{1E334035-CEB3-4A4E-9DD8-24EF2DF61923}.Debug|Any CPU.Build.0 = Debug|Any CPU
		{1E334035-CEB3-4A4E-9DD8-24EF2DF61923}.Release|Any CPU.ActiveCfg = Release|Any CPU
		{1E334035-CEB3-4A4E-9DD8-24EF2DF61923}.Release|Any CPU.Build.0 = Release|Any CPU
		{9BDDA38F-9A46-4700-AA5C-A020A441CD1C}.Debug|Any CPU.ActiveCfg = Debug|Any CPU
		{9BDDA38F-9A46-4700-AA5C-A020A441CD1C}.Debug|Any CPU.Build.0 = Debug|Any CPU
		{9BDDA38F-9A46-4700-AA5C-A020A441CD1C}.Release|Any CPU.ActiveCfg = Release|Any CPU
		{9BDDA38F-9A46-4700-AA5C-A020A441CD1C}.Release|Any CPU.Build.0 = Release|Any CPU
		{B8FEEF90-A6B1-4AB1-9E85-A585A19D4E02}.Debug|Any CPU.ActiveCfg = Debug|Any CPU
		{B8FEEF90-A6B1-4AB1-9E85-A585A19D4E02}.Debug|Any CPU.Build.0 = Debug|Any CPU
		{B8FEEF90-A6B1-4AB1-9E85-A585A19D4E02}.Release|Any CPU.ActiveCfg = Release|Any CPU
		{B8FEEF90-A6B1-4AB1-9E85-A585A19D4E02}.Release|Any CPU.Build.0 = Release|Any CPU
	EndGlobalSection
EndGlobal
